{
  "originHash" : "0fb0066a2aa7c0cafb0249fc0f2c88deaa5c20f9db0d94b1c29d42627085dc1b",
  "pins" : [
    {
      "identity" : "swift-text-pdf",
      "kind" : "remoteSourceControl",
      "location" : "https://github.com/arraypress/swift-text-pdf.git",
      "state" : {
        "revision" : "7e0f1d1f5688921fccfed05742fa132b199f972e",
        "version" : "2.4.1"
      }
    }
  ],
  "version" : 3
}
