{
  "originHash" : "a5a46fe9bf9237bc571987c539f50180f04c4c61694c0947bd85521ae84f8c9b",
  "pins" : [
    {
      "identity" : "swift-countries",
      "kind" : "remoteSourceControl",
      "location" : "https://github.com/arraypress/swift-countries.git",
      "state" : {
        "revision" : "7f09b1b8febee0460bce81a7d445fbae4050a330",
        "version" : "1.0.0"
      }
    },
    {
      "identity" : "swift-money",
      "kind" : "remoteSourceControl",
      "location" : "https://github.com/arraypress/swift-money.git",
      "state" : {
        "revision" : "f3c1a77f2d75d8020efa0eaea4d5292939781d08",
        "version" : "1.0.1"
      }
    },
    {
      "identity" : "swift-text-pdf",
      "kind" : "remoteSourceControl",
      "location" : "https://github.com/arraypress/swift-text-pdf.git",
      "state" : {
        "revision" : "7e0f1d1f5688921fccfed05742fa132b199f972e",
        "version" : "2.4.1"
      }
    }
  ],
  "version" : 3
}
